// !$*UTF8*$!
{
	archiveVersion = 1;
	classes = {
	};
	objectVersion = 51;
	objects = {

/* Begin PBXBuildFile section */
		1692C20F274819DD002112EA /* AppDelegate.swift in Sources */ = {isa = PBXBuildFile; fileRef = 1692C20E274819DD002112EA /* AppDelegate.swift */; };
		1692C211274819DD002112EA /* SceneDelegate.swift in Sources */ = {isa = PBXBuildFile; fileRef = 1692C210274819DD002112EA /* SceneDelegate.swift */; };
		1692C213274819DD002112EA /* ContentView.swift in Sources */ = {isa = PBXBuildFile; fileRef = 1692C212274819DD002112EA /* ContentView.swift */; };
		1692C215274819DE002112EA /* Assets.xcassets in Resources */ = {isa = PBXBuildFile; fileRef = 1692C214274819DE002112EA /* Assets.xcassets */; };
		1692C218274819DE002112EA /* Preview Assets.xcassets in Resources */ = {isa = PBXBuildFile; fileRef = 1692C217274819DE002112EA /* Preview Assets.xcassets */; };
		1692C21B274819DE002112EA /* LaunchScreen.storyboard in Resources */ = {isa = PBXBuildFile; fileRef = 1692C219274819DE002112EA /* LaunchScreen.storyboard */; };
		1692C22527481B54002112EA /* InfoView.swift in Sources */ = {isa = PBXBuildFile; fileRef = 1692C22427481B54002112EA /* InfoView.swift */; };
		1692C22727481E67002112EA /* InfoViewController.swift in Sources */ = {isa = PBXBuildFile; fileRef = 1692C22627481E67002112EA /* InfoViewController.swift */; };
		1692C22B27482393002112EA /* CGFloat+Extensions.swift in Sources */ = {isa = PBXBuildFile; fileRef = 1692C22A27482393002112EA /* CGFloat+Extensions.swift */; };
		1692C22D27482479002112EA /* AppColors.swift in Sources */ = {isa = PBXBuildFile; fileRef = 1692C22C27482479002112EA /* AppColors.swift */; };
		1692C23027482DD1002112EA /* JogListView.swift in Sources */ = {isa = PBXBuildFile; fileRef = 1692C22F27482DD1002112EA /* JogListView.swift */; };
		1692C23227482E25002112EA /* JogListViewController.swift in Sources */ = {isa = PBXBuildFile; fileRef = 1692C23127482E25002112EA /* JogListViewController.swift */; };
		B9ADE5642F8F546C6829CF04 /* Pods_TestTask.framework in Frameworks */ = {isa = PBXBuildFile; fileRef = 795206265DA4FB06A2BBC2A6 /* Pods_TestTask.framework */; };
/* End PBXBuildFile section */

/* Begin PBXFileReference section */
		1692C20B274819DD002112EA /* TestTask.app */ = {isa = PBXFileReference; explicitFileType = wrapper.application; includeInIndex = 0; path = TestTask.app; sourceTree = BUILT_PRODUCTS_DIR; };
		1692C20E274819DD002112EA /* AppDelegate.swift */ = {isa = PBXFileReference; lastKnownFileType = sourcecode.swift; path = AppDelegate.swift; sourceTree = "<group>"; };
		1692C210274819DD002112EA /* SceneDelegate.swift */ = {isa = PBXFileReference; lastKnownFileType = sourcecode.swift; path = SceneDelegate.swift; sourceTree = "<group>"; };
		1692C212274819DD002112EA /* ContentView.swift */ = {isa = PBXFileReference; lastKnownFileType = sourcecode.swift; path = ContentView.swift; sourceTree = "<group>"; };
		1692C214274819DE002112EA /* Assets.xcassets */ = {isa = PBXFileReference; lastKnownFileType = folder.assetcatalog; path = Assets.xcassets; sourceTree = "<group>"; };
		1692C217274819DE002112EA /* Preview Assets.xcassets */ = {isa = PBXFileReference; lastKnownFileType = folder.assetcatalog; path = "Preview Assets.xcassets"; sourceTree = "<group>"; };
		1692C21A274819DE002112EA /* Base */ = {isa = PBXFileReference; lastKnownFileType = file.storyboard; name = Base; path = Base.lproj/LaunchScreen.storyboard; sourceTree = "<group>"; };
		1692C21C274819DE002112EA /* Info.plist */ = {isa = PBXFileReference; lastKnownFileType = text.plist.xml; path = Info.plist; sourceTree = "<group>"; };
		1692C22427481B54002112EA /* InfoView.swift */ = {isa = PBXFileReference; lastKnownFileType = sourcecode.swift; path = InfoView.swift; sourceTree = "<group>"; };
		1692C22627481E67002112EA /* InfoViewController.swift */ = {isa = PBXFileReference; lastKnownFileType = sourcecode.swift; path = InfoViewController.swift; sourceTree = "<group>"; };
		1692C22A27482393002112EA /* CGFloat+Extensions.swift */ = {isa = PBXFileReference; lastKnownFileType = sourcecode.swift; path = "CGFloat+Extensions.swift"; sourceTree = "<group>"; };
		1692C22C27482479002112EA /* AppColors.swift */ = {isa = PBXFileReference; lastKnownFileType = sourcecode.swift; path = AppColors.swift; sourceTree = "<group>"; };
		1692C22F27482DD1002112EA /* JogListView.swift */ = {isa = PBXFileReference; lastKnownFileType = sourcecode.swift; path = JogListView.swift; sourceTree = "<group>"; };
		1692C23127482E25002112EA /* JogListViewController.swift */ = {isa = PBXFileReference; lastKnownFileType = sourcecode.swift; path = JogListViewController.swift; sourceTree = "<group>"; };
		795206265DA4FB06A2BBC2A6 /* Pods_TestTask.framework */ = {isa = PBXFileReference; explicitFileType = wrapper.framework; includeInIndex = 0; path = Pods_TestTask.framework; sourceTree = BUILT_PRODUCTS_DIR; };
		8B2296C99DA57DDD9FB8B2DA /* Pods-TestTask.release.xcconfig */ = {isa = PBXFileReference; includeInIndex = 1; lastKnownFileType = text.xcconfig; name = "Pods-TestTask.release.xcconfig"; path = "Target Support Files/Pods-TestTask/Pods-TestTask.release.xcconfig"; sourceTree = "<group>"; };
		E81E32949E96DBEBAB900A2E /* Pods-TestTask.debug.xcconfig */ = {isa = PBXFileReference; includeInIndex = 1; lastKnownFileType = text.xcconfig; name = "Pods-TestTask.debug.xcconfig"; path = "Target Support Files/Pods-TestTask/Pods-TestTask.debug.xcconfig"; sourceTree = "<group>"; };
/* End PBXFileReference section */

/* Begin PBXFrameworksBuildPhase section */
		1692C208274819DD002112EA /* Frameworks */ = {
			isa = PBXFrameworksBuildPhase;
			buildActionMask = 2147483647;
			files = (
				B9ADE5642F8F546C6829CF04 /* Pods_TestTask.framework in Frameworks */,
			);
			runOnlyForDeploymentPostprocessing = 0;
		};
/* End PBXFrameworksBuildPhase section */

/* Begin PBXGroup section */
		1692C202274819DD002112EA = {
			isa = PBXGroup;
			children = (
				1692C20D274819DD002112EA /* TestTask */,
				1692C20C274819DD002112EA /* Products */,
				B8BF39D90A87BDF717FE1738 /* Pods */,
				A17E0E6CFB8CB4AECD39E4F9 /* Frameworks */,
			);
			sourceTree = "<group>";
		};
		1692C20C274819DD002112EA /* Products */ = {
			isa = PBXGroup;
			children = (
				1692C20B274819DD002112EA /* TestTask.app */,
			);
			name = Products;
			sourceTree = "<group>";
		};
		1692C20D274819DD002112EA /* TestTask */ = {
			isa = PBXGroup;
			children = (
				1692C2292748235E002112EA /* Extensions */,
				1692C22227481A8E002112EA /* Screens */,
				1692C20E274819DD002112EA /* AppDelegate.swift */,
				1692C210274819DD002112EA /* SceneDelegate.swift */,
				1692C212274819DD002112EA /* ContentView.swift */,
				1692C214274819DE002112EA /* Assets.xcassets */,
				1692C219274819DE002112EA /* LaunchScreen.storyboard */,
				1692C21C274819DE002112EA /* Info.plist */,
				1692C216274819DE002112EA /* Preview Content */,
			);
			path = TestTask;
			sourceTree = "<group>";
		};
		1692C216274819DE002112EA /* Preview Content */ = {
			isa = PBXGroup;
			children = (
				1692C217274819DE002112EA /* Preview Assets.xcassets */,
			);
			path = "Preview Content";
			sourceTree = "<group>";
		};
		1692C22227481A8E002112EA /* Screens */ = {
			isa = PBXGroup;
			children = (
				1692C22E27482DAF002112EA /* JogList */,
				1692C22327481A9D002112EA /* Info */,
			);
			path = Screens;
			sourceTree = "<group>";
		};
		1692C22327481A9D002112EA /* Info */ = {
			isa = PBXGroup;
			children = (
				1692C22427481B54002112EA /* InfoView.swift */,
				1692C22627481E67002112EA /* InfoViewController.swift */,
			);
			path = Info;
			sourceTree = "<group>";
		};
		1692C2292748235E002112EA /* Extensions */ = {
			isa = PBXGroup;
			children = (
				1692C22A27482393002112EA /* CGFloat+Extensions.swift */,
				1692C22C27482479002112EA /* AppColors.swift */,
			);
			path = Extensions;
			sourceTree = "<group>";
		};
		1692C22E27482DAF002112EA /* JogList */ = {
			isa = PBXGroup;
			children = (
				1692C22F27482DD1002112EA /* JogListView.swift */,
				1692C23127482E25002112EA /* JogListViewController.swift */,
			);
			path = JogList;
			sourceTree = "<group>";
		};
		A17E0E6CFB8CB4AECD39E4F9 /* Frameworks */ = {
			isa = PBXGroup;
			children = (
				795206265DA4FB06A2BBC2A6 /* Pods_TestTask.framework */,
			);
			name = Frameworks;
			sourceTree = "<group>";
		};
		B8BF39D90A87BDF717FE1738 /* Pods */ = {
			isa = PBXGroup;
			children = (
				E81E32949E96DBEBAB900A2E /* Pods-TestTask.debug.xcconfig */,
				8B2296C99DA57DDD9FB8B2DA /* Pods-TestTask.release.xcconfig */,
			);
			path = Pods;
			sourceTree = "<group>";
		};
/* End PBXGroup section */

/* Begin PBXNativeTarget section */
		1692C20A274819DD002112EA /* TestTask */ = {
			isa = PBXNativeTarget;
			buildConfigurationList = 1692C21F274819DE002112EA /* Build configuration list for PBXNativeTarget "TestTask" */;
			buildPhases = (
				278E974AC39F24D32DF139C9 /* [CP] Check Pods Manifest.lock */,
				1692C207274819DD002112EA /* Sources */,
				1692C208274819DD002112EA /* Frameworks */,
				1692C209274819DD002112EA /* Resources */,
				CF468176C644CFEA597737D9 /* [CP] Embed Pods Frameworks */,
			);
			buildRules = (
			);
			dependencies = (
			);
			name = TestTask;
			productName = TestTask;
			productReference = 1692C20B274819DD002112EA /* TestTask.app */;
			productType = "com.apple.product-type.application";
		};
/* End PBXNativeTarget section */

/* Begin PBXProject section */
		1692C203274819DD002112EA /* Project object */ = {
			isa = PBXProject;
			attributes = {
				LastSwiftUpdateCheck = 1250;
				LastUpgradeCheck = 1250;
				TargetAttributes = {
					1692C20A274819DD002112EA = {
						CreatedOnToolsVersion = 12.5.1;
					};
				};
			};
			buildConfigurationList = 1692C206274819DD002112EA /* Build configuration list for PBXProject "TestTask" */;
			compatibilityVersion = "Xcode 9.3";
			developmentRegion = en;
			hasScannedForEncodings = 0;
			knownRegions = (
				en,
				Base,
			);
			mainGroup = 1692C202274819DD002112EA;
			productRefGroup = 1692C20C274819DD002112EA /* Products */;
			projectDirPath = "";
			projectRoot = "";
			targets = (
				1692C20A274819DD002112EA /* TestTask */,
			);
		};
/* End PBXProject section */

/* Begin PBXResourcesBuildPhase section */
		1692C209274819DD002112EA /* Resources */ = {
			isa = PBXResourcesBuildPhase;
			buildActionMask = 2147483647;
			files = (
				1692C21B274819DE002112EA /* LaunchScreen.storyboard in Resources */,
				1692C218274819DE002112EA /* Preview Assets.xcassets in Resources */,
				1692C215274819DE002112EA /* Assets.xcassets in Resources */,
			);
			runOnlyForDeploymentPostprocessing = 0;
		};
/* End PBXResourcesBuildPhase section */

/* Begin PBXShellScriptBuildPhase section */
		278E974AC39F24D32DF139C9 /* [CP] Check Pods Manifest.lock */ = {
			isa = PBXShellScriptBuildPhase;
			buildActionMask = 2147483647;
			files = (
			);
			inputFileListPaths = (
			);
			inputPaths = (
				"${PODS_PODFILE_DIR_PATH}/Podfile.lock",
				"${PODS_ROOT}/Manifest.lock",
			);
			name = "[CP] Check Pods Manifest.lock";
			outputFileListPaths = (
			);
			outputPaths = (
				"$(DERIVED_FILE_DIR)/Pods-TestTask-checkManifestLockResult.txt",
			);
			runOnlyForDeploymentPostprocessing = 0;
			shellPath = /bin/sh;
			shellScript = "diff \"${PODS_PODFILE_DIR_PATH}/Podfile.lock\" \"${PODS_ROOT}/Manifest.lock\" > /dev/null\nif [ $? != 0 ] ; then\n    # print error to STDERR\n    echo \"error: The sandbox is not in sync with the Podfile.lock. Run 'pod install' or update your CocoaPods installation.\" >&2\n    exit 1\nfi\n# This output is used by Xcode 'outputs' to avoid re-running this script phase.\necho \"SUCCESS\" > \"${SCRIPT_OUTPUT_FILE_0}\"\n";
			showEnvVarsInLog = 0;
		};
		CF468176C644CFEA597737D9 /* [CP] Embed Pods Frameworks */ = {
			isa = PBXShellScriptBuildPhase;
			buildActionMask = 2147483647;
			files = (
			);
			inputFileListPaths = (
				"${PODS_ROOT}/Target Support Files/Pods-TestTask/Pods-TestTask-frameworks-${CONFIGURATION}-input-files.xcfilelist",
			);
			name = "[CP] Embed Pods Frameworks";
			outputFileListPaths = (
				"${PODS_ROOT}/Target Support Files/Pods-TestTask/Pods-TestTask-frameworks-${CONFIGURATION}-output-files.xcfilelist",
			);
			runOnlyForDeploymentPostprocessing = 0;
			shellPath = /bin/sh;
			shellScript = "\"${PODS_ROOT}/Target Support Files/Pods-TestTask/Pods-TestTask-frameworks.sh\"\n";
			showEnvVarsInLog = 0;
		};
/* End PBXShellScriptBuildPhase section */

/* Begin PBXSourcesBuildPhase section */
		1692C207274819DD002112EA /* Sources */ = {
			isa = PBXSourcesBuildPhase;
			buildActionMask = 2147483647;
			files = (
				1692C22527481B54002112EA /* InfoView.swift in Sources */,
				1692C20F274819DD002112EA /* AppDelegate.swift in Sources */,
				1692C211274819DD002112EA /* SceneDelegate.swift in Sources */,
				1692C23027482DD1002112EA /* JogListView.swift in Sources */,
				1692C213274819DD002112EA /* ContentView.swift in Sources */,
				1692C22D27482479002112EA /* AppColors.swift in Sources */,
				1692C22B27482393002112EA /* CGFloat+Extensions.swift in Sources */,
				1692C22727481E67002112EA /* InfoViewController.swift in Sources */,
				1692C23227482E25002112EA /* JogListViewController.swift in Sources */,
			);
			runOnlyForDeploymentPostprocessing = 0;
		};
/* End PBXSourcesBuildPhase section */

/* Begin PBXVariantGroup section */
		1692C219274819DE002112EA /* LaunchScreen.storyboard */ = {
			isa = PBXVariantGroup;
			children = (
				1692C21A274819DE002112EA /* Base */,
			);
			name = LaunchScreen.storyboard;
			sourceTree = "<group>";
		};
/* End PBXVariantGroup section */

/* Begin XCBuildConfiguration section */
		1692C21D274819DE002112EA /* Debug */ = {
			isa = XCBuildConfiguration;
			buildSettings = {
				ALWAYS_SEARCH_USER_PATHS = NO;
				CLANG_ANALYZER_NONNULL = YES;
				CLANG_ANALYZER_NUMBER_OBJECT_CONVERSION = YES_AGGRESSIVE;
				CLANG_CXX_LANGUAGE_STANDARD = "gnu++14";
				CLANG_CXX_LIBRARY = "libc++";
				CLANG_ENABLE_MODULES = YES;
				CLANG_ENABLE_OBJC_ARC = YES;
				CLANG_ENABLE_OBJC_WEAK = YES;
				CLANG_WARN_BLOCK_CAPTURE_AUTORELEASING = YES;
				CLANG_WARN_BOOL_CONVERSION = YES;
				CLANG_WARN_COMMA = YES;
				CLANG_WARN_CONSTANT_CONVERSION = YES;
				CLANG_WARN_DEPRECATED_OBJC_IMPLEMENTATIONS = YES;
				CLANG_WARN_DIRECT_OBJC_ISA_USAGE = YES_ERROR;
				CLANG_WARN_DOCUMENTATION_COMMENTS = YES;
				CLANG_WARN_EMPTY_BODY = YES;
				CLANG_WARN_ENUM_CONVERSION = YES;
				CLANG_WARN_INFINITE_RECURSION = YES;
				CLANG_WARN_INT_CONVERSION = YES;
				CLANG_WARN_NON_LITERAL_NULL_CONVERSION = YES;
				CLANG_WARN_OBJC_IMPLICIT_RETAIN_SELF = YES;
				CLANG_WARN_OBJC_LITERAL_CONVERSION = YES;
				CLANG_WARN_OBJC_ROOT_CLASS = YES_ERROR;
				CLANG_WARN_QUOTED_INCLUDE_IN_FRAMEWORK_HEADER = YES;
				CLANG_WARN_RANGE_LOOP_ANALYSIS = YES;
				CLANG_WARN_STRICT_PROTOTYPES = YES;
				CLANG_WARN_SUSPICIOUS_MOVE = YES;
				CLANG_WARN_UNGUARDED_AVAILABILITY = YES_AGGRESSIVE;
				CLANG_WARN_UNREACHABLE_CODE = YES;
				CLANG_WARN__DUPLICATE_METHOD_MATCH = YES;
				COPY_PHASE_STRIP = NO;
				DEBUG_INFORMATION_FORMAT = dwarf;
				ENABLE_STRICT_OBJC_MSGSEND = YES;
				ENABLE_TESTABILITY = YES;
				GCC_C_LANGUAGE_STANDARD = gnu11;
				GCC_DYNAMIC_NO_PIC = NO;
				GCC_NO_COMMON_BLOCKS = YES;
				GCC_OPTIMIZATION_LEVEL = 0;
				GCC_PREPROCESSOR_DEFINITIONS = (
					"DEBUG=1",
					"$(inherited)",
				);
				GCC_WARN_64_TO_32_BIT_CONVERSION = YES;
				GCC_WARN_ABOUT_RETURN_TYPE = YES_ERROR;
				GCC_WARN_UNDECLARED_SELECTOR = YES;
				GCC_WARN_UNINITIALIZED_AUTOS = YES_AGGRESSIVE;
				GCC_WARN_UNUSED_FUNCTION = YES;
				GCC_WARN_UNUSED_VARIABLE = YES;
				IPHONEOS_DEPLOYMENT_TARGET = 14.5;
				MTL_ENABLE_DEBUG_INFO = INCLUDE_SOURCE;
				MTL_FAST_MATH = YES;
				ONLY_ACTIVE_ARCH = YES;
				SDKROOT = iphoneos;
				SWIFT_ACTIVE_COMPILATION_CONDITIONS = DEBUG;
				SWIFT_OPTIMIZATION_LEVEL = "-Onone";
			};
			name = Debug;
		};
		1692C21E274819DE002112EA /* Release */ = {
			isa = XCBuildConfiguration;
			buildSettings = {
				ALWAYS_SEARCH_USER_PATHS = NO;
				CLANG_ANALYZER_NONNULL = YES;
				CLANG_ANALYZER_NUMBER_OBJECT_CONVERSION = YES_AGGRESSIVE;
				CLANG_CXX_LANGUAGE_STANDARD = "gnu++14";
				CLANG_CXX_LIBRARY = "libc++";
				CLANG_ENABLE_MODULES = YES;
				CLANG_ENABLE_OBJC_ARC = YES;
				CLANG_ENABLE_OBJC_WEAK = YES;
				CLANG_WARN_BLOCK_CAPTURE_AUTORELEASING = YES;
				CLANG_WARN_BOOL_CONVERSION = YES;
				CLANG_WARN_COMMA = YES;
				CLANG_WARN_CONSTANT_CONVERSION = YES;
				CLANG_WARN_DEPRECATED_OBJC_IMPLEMENTATIONS = YES;
				CLANG_WARN_DIRECT_OBJC_ISA_USAGE = YES_ERROR;
				CLANG_WARN_DOCUMENTATION_COMMENTS = YES;
				CLANG_WARN_EMPTY_BODY = YES;
				CLANG_WARN_ENUM_CONVERSION = YES;
				CLANG_WARN_INFINITE_RECURSION = YES;
				CLANG_WARN_INT_CONVERSION = YES;
				CLANG_WARN_NON_LITERAL_NULL_CONVERSION = YES;
				CLANG_WARN_OBJC_IMPLICIT_RETAIN_SELF = YES;
				CLANG_WARN_OBJC_LITERAL_CONVERSION = YES;
				CLANG_WARN_OBJC_ROOT_CLASS = YES_ERROR;
				CLANG_WARN_QUOTED_INCLUDE_IN_FRAMEWORK_HEADER = YES;
				CLANG_WARN_RANGE_LOOP_ANALYSIS = YES;
				CLANG_WARN_STRICT_PROTOTYPES = YES;
				CLANG_WARN_SUSPICIOUS_MOVE = YES;
				CLANG_WARN_UNGUARDED_AVAILABILITY = YES_AGGRESSIVE;
				CLANG_WARN_UNREACHABLE_CODE = YES;
				CLANG_WARN__DUPLICATE_METHOD_MATCH = YES;
				COPY_PHASE_STRIP = NO;
				DEBUG_INFORMATION_FORMAT = "dwarf-with-dsym";
				ENABLE_NS_ASSERTIONS = NO;
				ENABLE_STRICT_OBJC_MSGSEND = YES;
				GCC_C_LANGUAGE_STANDARD = gnu11;
				GCC_NO_COMMON_BLOCKS = YES;
				GCC_WARN_64_TO_32_BIT_CONVERSION = YES;
				GCC_WARN_ABOUT_RETURN_TYPE = YES_ERROR;
				GCC_WARN_UNDECLARED_SELECTOR = YES;
				GCC_WARN_UNINITIALIZED_AUTOS = YES_AGGRESSIVE;
				GCC_WARN_UNUSED_FUNCTION = YES;
				GCC_WARN_UNUSED_VARIABLE = YES;
				IPHONEOS_DEPLOYMENT_TARGET = 14.5;
				MTL_ENABLE_DEBUG_INFO = NO;
				MTL_FAST_MATH = YES;
				SDKROOT = iphoneos;
				SWIFT_COMPILATION_MODE = wholemodule;
				SWIFT_OPTIMIZATION_LEVEL = "-O";
				VALIDATE_PRODUCT = YES;
			};
			name = Release;
		};
		1692C220274819DE002112EA /* Debug */ = {
			isa = XCBuildConfiguration;
			baseConfigurationReference = E81E32949E96DBEBAB900A2E /* Pods-TestTask.debug.xcconfig */;
			buildSettings = {
				ASSETCATALOG_COMPILER_APPICON_NAME = AppIcon;
				ASSETCATALOG_COMPILER_GLOBAL_ACCENT_COLOR_NAME = AccentColor;
				CODE_SIGN_STYLE = Automatic;
				DEVELOPMENT_ASSET_PATHS = "\"TestTask/Preview Content\"";
				ENABLE_PREVIEWS = YES;
				INFOPLIST_FILE = TestTask/Info.plist;
				LD_RUNPATH_SEARCH_PATHS = (
					"$(inherited)",
					"@executable_path/Frameworks",
				);
				PRODUCT_BUNDLE_IDENTIFIER = com.github.fakheet.TestTask;
				PRODUCT_NAME = "$(TARGET_NAME)";
				SWIFT_VERSION = 5.0;
				TARGETED_DEVICE_FAMILY = "1,2";
			};
			name = Debug;
		};
		1692C221274819DE002112EA /* Release */ = {
			isa = XCBuildConfiguration;
			baseConfigurationReference = 8B2296C99DA57DDD9FB8B2DA /* Pods-TestTask.release.xcconfig */;
			buildSettings = {
				ASSETCATALOG_COMPILER_APPICON_NAME = AppIcon;
				ASSETCATALOG_COMPILER_GLOBAL_ACCENT_COLOR_NAME = AccentColor;
				CODE_SIGN_STYLE = Automatic;
				DEVELOPMENT_ASSET_PATHS = "\"TestTask/Preview Content\"";
				ENABLE_PREVIEWS = YES;
				INFOPLIST_FILE = TestTask/Info.plist;
				LD_RUNPATH_SEARCH_PATHS = (
					"$(inherited)",
					"@executable_path/Frameworks",
				);
				PRODUCT_BUNDLE_IDENTIFIER = com.github.fakheet.TestTask;
				PRODUCT_NAME = "$(TARGET_NAME)";
				SWIFT_VERSION = 5.0;
				TARGETED_DEVICE_FAMILY = "1,2";
			};
			name = Release;
		};
/* End XCBuildConfiguration section */

/* Begin XCConfigurationList section */
		1692C206274819DD002112EA /* Build configuration list for PBXProject "TestTask" */ = {
			isa = XCConfigurationList;
			buildConfigurations = (
				1692C21D274819DE002112EA /* Debug */,
				1692C21E274819DE002112EA /* Release */,
			);
			defaultConfigurationIsVisible = 0;
			defaultConfigurationName = Release;
		};
		1692C21F274819DE002112EA /* Build configuration list for PBXNativeTarget "TestTask" */ = {
			isa = XCConfigurationList;
			buildConfigurations = (
				1692C220274819DE002112EA /* Debug */,
				1692C221274819DE002112EA /* Release */,
			);
			defaultConfigurationIsVisible = 0;
			defaultConfigurationName = Release;
		};
/* End XCConfigurationList section */
	};
	rootObject = 1692C203274819DD002112EA /* Project object */;
}
